
Microsoft Visual Studio Solution File, Format Version 12.00
# Visual Studio Version 16
VisualStudioVersion = 16.0.35425.106
MinimumVisualStudioVersion = 10.0.40219.1
Project("{8BC9CEB8-8B4A-11D0-8D11-00A0C91BC942}") = "Kernel", "Client\Kernel\Kernel.vcxproj", "{4D0670D9-75A5-48E0-998F-B28AA96A05C5}"
EndProject
Project("{8BC9CEB8-8B4A-11D0-8D11-00A0C91BC942}") = "Chat", "Client\Chat\Chat.vcxproj", "{B062233D-D72F-4719-B651-99B83E7701DB}"
EndProject
Project("{8BC9CEB8-8B4A-11D0-8D11-00A0C91BC942}") = "Cmd", "Client\Cmd\Cmd.vcxproj", "{3F05309D-49E4-4814-8BF0-603E3BE6B68E}"
EndProject
Project("{8BC9CEB8-8B4A-11D0-8D11-00A0C91BC942}") = "Audio", "Client\Audio\Audio.vcxproj", "{8E7E1548-17C0-46B1-BC03-305E1475739F}"
EndProject
Project("{8BC9CEB8-8B4A-11D0-8D11-00A0C91BC942}") = "Camera", "Client\Camera\Camera.vcxproj", "{FD17AB80-B371-4626-A82B-77158683BA0C}"
EndProject
Project("{8BC9CEB8-8B4A-11D0-8D11-00A0C91BC942}") = "RemoteDesktop", "Client\RemoteDesktop\RemoteDesktop.vcxproj", "{D5ABBC7E-92DE-4FE5-9BC6-5750ECD51615}"
EndProject
Project("{8BC9CEB8-8B4A-11D0-8D11-00A0C91BC942}") = "FileManager", "Client\FileManager\FileManager.vcxproj", "{703B7A26-3D7E-4D1E-A35B-780526BCA2CA}"
EndProject
Project("{8BC9CEB8-8B4A-11D0-8D11-00A0C91BC942}") = "FileDownloader", "Client\FileDownloader\FileDownloader.vcxproj", "{AA687B7A-ADBA-4002-ACE6-9682CCA72852}"
EndProject
Project("{8BC9CEB8-8B4A-11D0-8D11-00A0C91BC942}") = "KeyLogger", "Client\KeyLogger\KeyLogger.vcxproj", "{F2313B9A-EFD3-43B2-8A06-ED75C12358A6}"
EndProject
Project("{8BC9CEB8-8B4A-11D0-8D11-00A0C91BC942}") = "SocksProxy", "Client\SocksProxy\SocksProxy.vcxproj", "{5F68D993-C5E4-440F-9F7B-4518EB82A76B}"
EndProject
Project("{8BC9CEB8-8B4A-11D0-8D11-00A0C91BC942}") = "ProcessManager", "Client\ProcessManager\ProcessManager.vcxproj", "{24CF3A81-EEBF-484D-84FC-B75E5F28C561}"
EndProject
Project("{8BC9CEB8-8B4A-11D0-8D11-00A0C91BC942}") = "FileTransfer", "Client\FileTransfer\FileTransfer.vcxproj", "{D78AA1D0-B219-4384-8954-ABA12FC01E4E}"
EndProject
Project("{8BC9CEB8-8B4A-11D0-8D11-00A0C91BC942}") = "FileSearch", "Client\FileSearch\FileSearch.vcxproj", "{00441CC8-8A4E-465C-9B01-09823CB4F651}"
EndProject
Project("{8BC9CEB8-8B4A-11D0-8D11-00A0C91BC942}") = "RemoteDesktop_gdi", "Client\RemoteDesktop_gdi\RemoteDesktop_gdi.vcxproj", "{9FE80871-760B-4012-8F1E-4E0043F8F855}"
EndProject
Project("{2150E333-8FDC-42A3-9474-1A3956D46DE8}") = "About", "About", "{E9616499-B224-424C-AFFE-0146930BB09D}"
	ProjectSection(SolutionItems) = preProject
		readme.md = readme.md
		whats_this.md = whats_this.md
	EndProjectSection
EndProject
Project("{8BC9CEB8-8B4A-11D0-8D11-00A0C91BC942}") = "HoldingHands", "Server\HoldingHands\HoldingHands.vcxproj", "{D52104AC-4999-4C66-9462-65296407040E}"
EndProject
Project("{2150E333-8FDC-42A3-9474-1A3956D46DE8}") = "Module", "Module", "{5B9F2A7D-91ED-4C23-BAC7-29B261F5AB49}"
EndProject
Global
	GlobalSection(SolutionConfigurationPlatforms) = preSolution
		Debug|Win32 = Debug|Win32
		Debug|x64 = Debug|x64
		Release|Win32 = Release|Win32
		Release|x64 = Release|x64
	EndGlobalSection
	GlobalSection(ProjectConfigurationPlatforms) = postSolution
		{4D0670D9-75A5-48E0-998F-B28AA96A05C5}.Debug|Win32.ActiveCfg = Debug|Win32
		{4D0670D9-75A5-48E0-998F-B28AA96A05C5}.Debug|Win32.Build.0 = Debug|Win32
		{4D0670D9-75A5-48E0-998F-B28AA96A05C5}.Debug|x64.ActiveCfg = Debug|x64
		{4D0670D9-75A5-48E0-998F-B28AA96A05C5}.Debug|x64.Build.0 = Debug|x64
		{4D0670D9-75A5-48E0-998F-B28AA96A05C5}.Release|Win32.ActiveCfg = Release|Win32
		{4D0670D9-75A5-48E0-998F-B28AA96A05C5}.Release|Win32.Build.0 = Release|Win32
		{4D0670D9-75A5-48E0-998F-B28AA96A05C5}.Release|x64.ActiveCfg = Release|x64
		{4D0670D9-75A5-48E0-998F-B28AA96A05C5}.Release|x64.Build.0 = Release|x64
		{B062233D-D72F-4719-B651-99B83E7701DB}.Debug|Win32.ActiveCfg = Debug|Win32
		{B062233D-D72F-4719-B651-99B83E7701DB}.Debug|Win32.Build.0 = Debug|Win32
		{B062233D-D72F-4719-B651-99B83E7701DB}.Debug|x64.ActiveCfg = Debug|x64
		{B062233D-D72F-4719-B651-99B83E7701DB}.Debug|x64.Build.0 = Debug|x64
		{B062233D-D72F-4719-B651-99B83E7701DB}.Release|Win32.ActiveCfg = Release|Win32
		{B062233D-D72F-4719-B651-99B83E7701DB}.Release|Win32.Build.0 = Release|Win32
		{B062233D-D72F-4719-B651-99B83E7701DB}.Release|x64.ActiveCfg = Release|x64
		{B062233D-D72F-4719-B651-99B83E7701DB}.Release|x64.Build.0 = Release|x64
		{3F05309D-49E4-4814-8BF0-603E3BE6B68E}.Debug|Win32.ActiveCfg = Debug|Win32
		{3F05309D-49E4-4814-8BF0-603E3BE6B68E}.Debug|Win32.Build.0 = Debug|Win32
		{3F05309D-49E4-4814-8BF0-603E3BE6B68E}.Debug|x64.ActiveCfg = Debug|x64
		{3F05309D-49E4-4814-8BF0-603E3BE6B68E}.Debug|x64.Build.0 = Debug|x64
		{3F05309D-49E4-4814-8BF0-603E3BE6B68E}.Release|Win32.ActiveCfg = Release|Win32
		{3F05309D-49E4-4814-8BF0-603E3BE6B68E}.Release|Win32.Build.0 = Release|Win32
		{3F05309D-49E4-4814-8BF0-603E3BE6B68E}.Release|x64.ActiveCfg = Release|x64
		{3F05309D-49E4-4814-8BF0-603E3BE6B68E}.Release|x64.Build.0 = Release|x64
		{8E7E1548-17C0-46B1-BC03-305E1475739F}.Debug|Win32.ActiveCfg = Debug|Win32
		{8E7E1548-17C0-46B1-BC03-305E1475739F}.Debug|Win32.Build.0 = Debug|Win32
		{8E7E1548-17C0-46B1-BC03-305E1475739F}.Debug|x64.ActiveCfg = Debug|x64
		{8E7E1548-17C0-46B1-BC03-305E1475739F}.Debug|x64.Build.0 = Debug|x64
		{8E7E1548-17C0-46B1-BC03-305E1475739F}.Release|Win32.ActiveCfg = Release|Win32
		{8E7E1548-17C0-46B1-BC03-305E1475739F}.Release|Win32.Build.0 = Release|Win32
		{8E7E1548-17C0-46B1-BC03-305E1475739F}.Release|x64.ActiveCfg = Release|x64
		{8E7E1548-17C0-46B1-BC03-305E1475739F}.Release|x64.Build.0 = Release|x64
		{FD17AB80-B371-4626-A82B-77158683BA0C}.Debug|Win32.ActiveCfg = Debug|Win32
		{FD17AB80-B371-4626-A82B-77158683BA0C}.Debug|Win32.Build.0 = Debug|Win32
		{FD17AB80-B371-4626-A82B-77158683BA0C}.Debug|x64.ActiveCfg = Debug|x64
		{FD17AB80-B371-4626-A82B-77158683BA0C}.Debug|x64.Build.0 = Debug|x64
		{FD17AB80-B371-4626-A82B-77158683BA0C}.Release|Win32.ActiveCfg = Release|Win32
		{FD17AB80-B371-4626-A82B-77158683BA0C}.Release|Win32.Build.0 = Release|Win32
		{FD17AB80-B371-4626-A82B-77158683BA0C}.Release|x64.ActiveCfg = Release|x64
		{FD17AB80-B371-4626-A82B-77158683BA0C}.Release|x64.Build.0 = Release|x64
		{D5ABBC7E-92DE-4FE5-9BC6-5750ECD51615}.Debug|Win32.ActiveCfg = Debug|Win32
		{D5ABBC7E-92DE-4FE5-9BC6-5750ECD51615}.Debug|Win32.Build.0 = Debug|Win32
		{D5ABBC7E-92DE-4FE5-9BC6-5750ECD51615}.Debug|x64.ActiveCfg = Debug|x64
		{D5ABBC7E-92DE-4FE5-9BC6-5750ECD51615}.Debug|x64.Build.0 = Debug|x64
		{D5ABBC7E-92DE-4FE5-9BC6-5750ECD51615}.Release|Win32.ActiveCfg = Release|Win32
		{D5ABBC7E-92DE-4FE5-9BC6-5750ECD51615}.Release|Win32.Build.0 = Release|Win32
		{D5ABBC7E-92DE-4FE5-9BC6-5750ECD51615}.Release|x64.ActiveCfg = Release|x64
		{D5ABBC7E-92DE-4FE5-9BC6-5750ECD51615}.Release|x64.Build.0 = Release|x64
		{703B7A26-3D7E-4D1E-A35B-780526BCA2CA}.Debug|Win32.ActiveCfg = Debug|Win32
		{703B7A26-3D7E-4D1E-A35B-780526BCA2CA}.Debug|Win32.Build.0 = Debug|Win32
		{703B7A26-3D7E-4D1E-A35B-780526BCA2CA}.Debug|x64.ActiveCfg = Debug|x64
		{703B7A26-3D7E-4D1E-A35B-780526BCA2CA}.Debug|x64.Build.0 = Debug|x64
		{703B7A26-3D7E-4D1E-A35B-780526BCA2CA}.Release|Win32.ActiveCfg = Release|Win32
		{703B7A26-3D7E-4D1E-A35B-780526BCA2CA}.Release|Win32.Build.0 = Release|Win32
		{703B7A26-3D7E-4D1E-A35B-780526BCA2CA}.Release|x64.ActiveCfg = Release|x64
		{703B7A26-3D7E-4D1E-A35B-780526BCA2CA}.Release|x64.Build.0 = Release|x64
		{AA687B7A-ADBA-4002-ACE6-9682CCA72852}.Debug|Win32.ActiveCfg = Debug|Win32
		{AA687B7A-ADBA-4002-ACE6-9682CCA72852}.Debug|Win32.Build.0 = Debug|Win32
		{AA687B7A-ADBA-4002-ACE6-9682CCA72852}.Debug|x64.ActiveCfg = Debug|x64
		{AA687B7A-ADBA-4002-ACE6-9682CCA72852}.Debug|x64.Build.0 = Debug|x64
		{AA687B7A-ADBA-4002-ACE6-9682CCA72852}.Release|Win32.ActiveCfg = Release|Win32
		{AA687B7A-ADBA-4002-ACE6-9682CCA72852}.Release|Win32.Build.0 = Release|Win32
		{AA687B7A-ADBA-4002-ACE6-9682CCA72852}.Release|x64.ActiveCfg = Release|x64
		{AA687B7A-ADBA-4002-ACE6-9682CCA72852}.Release|x64.Build.0 = Release|x64
		{F2313B9A-EFD3-43B2-8A06-ED75C12358A6}.Debug|Win32.ActiveCfg = Debug|Win32
		{F2313B9A-EFD3-43B2-8A06-ED75C12358A6}.Debug|Win32.Build.0 = Debug|Win32
		{F2313B9A-EFD3-43B2-8A06-ED75C12358A6}.Debug|x64.ActiveCfg = Debug|x64
		{F2313B9A-EFD3-43B2-8A06-ED75C12358A6}.Debug|x64.Build.0 = Debug|x64
		{F2313B9A-EFD3-43B2-8A06-ED75C12358A6}.Release|Win32.ActiveCfg = Release|Win32
		{F2313B9A-EFD3-43B2-8A06-ED75C12358A6}.Release|Win32.Build.0 = Release|Win32
		{F2313B9A-EFD3-43B2-8A06-ED75C12358A6}.Release|x64.ActiveCfg = Release|x64
		{F2313B9A-EFD3-43B2-8A06-ED75C12358A6}.Release|x64.Build.0 = Release|x64
		{5F68D993-C5E4-440F-9F7B-4518EB82A76B}.Debug|Win32.ActiveCfg = Debug|Win32
		{5F68D993-C5E4-440F-9F7B-4518EB82A76B}.Debug|Win32.Build.0 = Debug|Win32
		{5F68D993-C5E4-440F-9F7B-4518EB82A76B}.Debug|x64.ActiveCfg = Debug|x64
		{5F68D993-C5E4-440F-9F7B-4518EB82A76B}.Debug|x64.Build.0 = Debug|x64
		{5F68D993-C5E4-440F-9F7B-4518EB82A76B}.Release|Win32.ActiveCfg = Release|Win32
		{5F68D993-C5E4-440F-9F7B-4518EB82A76B}.Release|Win32.Build.0 = Release|Win32
		{5F68D993-C5E4-440F-9F7B-4518EB82A76B}.Release|x64.ActiveCfg = Release|x64
		{5F68D993-C5E4-440F-9F7B-4518EB82A76B}.Release|x64.Build.0 = Release|x64
		{24CF3A81-EEBF-484D-84FC-B75E5F28C561}.Debug|Win32.ActiveCfg = Debug|Win32
		{24CF3A81-EEBF-484D-84FC-B75E5F28C561}.Debug|Win32.Build.0 = Debug|Win32
		{24CF3A81-EEBF-484D-84FC-B75E5F28C561}.Debug|x64.ActiveCfg = Debug|x64
		{24CF3A81-EEBF-484D-84FC-B75E5F28C561}.Debug|x64.Build.0 = Debug|x64
		{24CF3A81-EEBF-484D-84FC-B75E5F28C561}.Release|Win32.ActiveCfg = Release|Win32
		{24CF3A81-EEBF-484D-84FC-B75E5F28C561}.Release|Win32.Build.0 = Release|Win32
		{24CF3A81-EEBF-484D-84FC-B75E5F28C561}.Release|x64.ActiveCfg = Release|x64
		{24CF3A81-EEBF-484D-84FC-B75E5F28C561}.Release|x64.Build.0 = Release|x64
		{D78AA1D0-B219-4384-8954-ABA12FC01E4E}.Debug|Win32.ActiveCfg = Debug|Win32
		{D78AA1D0-B219-4384-8954-ABA12FC01E4E}.Debug|Win32.Build.0 = Debug|Win32
		{D78AA1D0-B219-4384-8954-ABA12FC01E4E}.Debug|x64.ActiveCfg = Debug|x64
		{D78AA1D0-B219-4384-8954-ABA12FC01E4E}.Debug|x64.Build.0 = Debug|x64
		{D78AA1D0-B219-4384-8954-ABA12FC01E4E}.Release|Win32.ActiveCfg = Release|Win32
		{D78AA1D0-B219-4384-8954-ABA12FC01E4E}.Release|Win32.Build.0 = Release|Win32
		{D78AA1D0-B219-4384-8954-ABA12FC01E4E}.Release|x64.ActiveCfg = Release|x64
		{D78AA1D0-B219-4384-8954-ABA12FC01E4E}.Release|x64.Build.0 = Release|x64
		{00441CC8-8A4E-465C-9B01-09823CB4F651}.Debug|Win32.ActiveCfg = Debug|Win32
		{00441CC8-8A4E-465C-9B01-09823CB4F651}.Debug|Win32.Build.0 = Debug|Win32
		{00441CC8-8A4E-465C-9B01-09823CB4F651}.Debug|x64.ActiveCfg = Debug|x64
		{00441CC8-8A4E-465C-9B01-09823CB4F651}.Debug|x64.Build.0 = Debug|x64
		{00441CC8-8A4E-465C-9B01-09823CB4F651}.Release|Win32.ActiveCfg = Release|Win32
		{00441CC8-8A4E-465C-9B01-09823CB4F651}.Release|Win32.Build.0 = Release|Win32
		{00441CC8-8A4E-465C-9B01-09823CB4F651}.Release|x64.ActiveCfg = Release|x64
		{00441CC8-8A4E-465C-9B01-09823CB4F651}.Release|x64.Build.0 = Release|x64
		{9FE80871-760B-4012-8F1E-4E0043F8F855}.Debug|Win32.ActiveCfg = Debug|Win32
		{9FE80871-760B-4012-8F1E-4E0043F8F855}.Debug|Win32.Build.0 = Debug|Win32
		{9FE80871-760B-4012-8F1E-4E0043F8F855}.Debug|x64.ActiveCfg = Debug|x64
		{9FE80871-760B-4012-8F1E-4E0043F8F855}.Debug|x64.Build.0 = Debug|x64
		{9FE80871-760B-4012-8F1E-4E0043F8F855}.Release|Win32.ActiveCfg = Release|Win32
		{9FE80871-760B-4012-8F1E-4E0043F8F855}.Release|Win32.Build.0 = Release|Win32
		{9FE80871-760B-4012-8F1E-4E0043F8F855}.Release|x64.ActiveCfg = Release|x64
		{9FE80871-760B-4012-8F1E-4E0043F8F855}.Release|x64.Build.0 = Release|x64
		{D52104AC-4999-4C66-9462-65296407040E}.Debug|Win32.ActiveCfg = Debug|Win32
		{D52104AC-4999-4C66-9462-65296407040E}.Debug|Win32.Build.0 = Debug|Win32
		{D52104AC-4999-4C66-9462-65296407040E}.Debug|x64.ActiveCfg = Debug|x64
		{D52104AC-4999-4C66-9462-65296407040E}.Debug|x64.Build.0 = Debug|x64
		{D52104AC-4999-4C66-9462-65296407040E}.Release|Win32.ActiveCfg = Release|Win32
		{D52104AC-4999-4C66-9462-65296407040E}.Release|Win32.Build.0 = Release|Win32
		{D52104AC-4999-4C66-9462-65296407040E}.Release|x64.ActiveCfg = Release|x64
		{D52104AC-4999-4C66-9462-65296407040E}.Release|x64.Build.0 = Release|x64
	EndGlobalSection
	GlobalSection(SolutionProperties) = preSolution
		HideSolutionNode = FALSE
	EndGlobalSection
	GlobalSection(NestedProjects) = preSolution
		{4D0670D9-75A5-48E0-998F-B28AA96A05C5} = {5B9F2A7D-91ED-4C23-BAC7-29B261F5AB49}
		{B062233D-D72F-4719-B651-99B83E7701DB} = {5B9F2A7D-91ED-4C23-BAC7-29B261F5AB49}
		{3F05309D-49E4-4814-8BF0-603E3BE6B68E} = {5B9F2A7D-91ED-4C23-BAC7-29B261F5AB49}
		{8E7E1548-17C0-46B1-BC03-305E1475739F} = {5B9F2A7D-91ED-4C23-BAC7-29B261F5AB49}
		{FD17AB80-B371-4626-A82B-77158683BA0C} = {5B9F2A7D-91ED-4C23-BAC7-29B261F5AB49}
		{D5ABBC7E-92DE-4FE5-9BC6-5750ECD51615} = {5B9F2A7D-91ED-4C23-BAC7-29B261F5AB49}
		{703B7A26-3D7E-4D1E-A35B-780526BCA2CA} = {5B9F2A7D-91ED-4C23-BAC7-29B261F5AB49}
		{AA687B7A-ADBA-4002-ACE6-9682CCA72852} = {5B9F2A7D-91ED-4C23-BAC7-29B261F5AB49}
		{F2313B9A-EFD3-43B2-8A06-ED75C12358A6} = {5B9F2A7D-91ED-4C23-BAC7-29B261F5AB49}
		{5F68D993-C5E4-440F-9F7B-4518EB82A76B} = {5B9F2A7D-91ED-4C23-BAC7-29B261F5AB49}
		{24CF3A81-EEBF-484D-84FC-B75E5F28C561} = {5B9F2A7D-91ED-4C23-BAC7-29B261F5AB49}
		{D78AA1D0-B219-4384-8954-ABA12FC01E4E} = {5B9F2A7D-91ED-4C23-BAC7-29B261F5AB49}
		{00441CC8-8A4E-465C-9B01-09823CB4F651} = {5B9F2A7D-91ED-4C23-BAC7-29B261F5AB49}
		{9FE80871-760B-4012-8F1E-4E0043F8F855} = {5B9F2A7D-91ED-4C23-BAC7-29B261F5AB49}
	EndGlobalSection
	GlobalSection(ExtensibilityGlobals) = postSolution
		SolutionGuid = {E5FF32D4-9051-47D5-852D-14EDBB458872}
	EndGlobalSection
EndGlobal
